Microsoft Visual Studio Solution File, Format Version 12.00
# Visual Studio Version 17
VisualStudioVersion = 17.5.2.0
MinimumVisualStudioVersion = 10.0.40219.1
Project("{FAE04EC0-301F-11D3-BF4B-00C04F79EFBC}") = "BrainBusters_Grp11_LF08", "BrainBusters_Grp11_LF08.csproj", "{EDA73877-2F21-7B3B-C087-47788C333287}"
EndProject
Global
	GlobalSection(SolutionConfigurationPlatforms) = preSolution
		Debug|Any CPU = Debug|Any CPU
		Release|Any CPU = Release|Any CPU
	EndGlobalSection
	GlobalSection(ProjectConfigurationPlatforms) = postSolution
		{EDA73877-2F21-7B3B-C087-47788C333287}.Debug|Any CPU.ActiveCfg = Debug|Any CPU
		{EDA73877-2F21-7B3B-C087-47788C333287}.Debug|Any CPU.Build.0 = Debug|Any CPU
		{EDA73877-2F21-7B3B-C087-47788C333287}.Release|Any CPU.ActiveCfg = Release|Any CPU
		{EDA73877-2F21-7B3B-C087-47788C333287}.Release|Any CPU.Build.0 = Release|Any CPU
	EndGlobalSection
	GlobalSection(SolutionProperties) = preSolution
		HideSolutionNode = FALSE
	EndGlobalSection
	GlobalSection(ExtensibilityGlobals) = postSolution
		SolutionGuid = {20617068-DA6E-4A2F-AC50-C4F6B311DF27}
	EndGlobalSection
EndGlobal
